<Solution>
  <Project Path="RegistroPersonas.Adapter/RegistroPersonas.csproj" />
  <Project Path="RegistroPersonas.Application/RegistroPersonas.Application.csproj" />
  <Project Path="RegistroPersonas.Domain/RegistroPersonas.Domain.csproj" />
  <Project Path="RegistroPersonas.Infrastructure/RegistroPersonas.Infrastructure.csproj" />
</Solution>
